
Microsoft Visual Studio Solution File, Format Version 12.00
# Visual Studio Version 17
VisualStudioVersion = 17.10.34928.147
MinimumVisualStudioVersion = 10.0.40219.1
Project("{FAE04EC0-301F-11D3-BF4B-00C04F79EFBC}") = "Ass06", "Ass06\Ass06.csproj", "{F7E9B43E-C099-41BB-9247-051D4B73573C}"
EndProject
Global
	GlobalSection(SolutionConfigurationPlatforms) = preSolution
		Debug|Any CPU = Debug|Any CPU
		Release|Any CPU = Release|Any CPU
	EndGlobalSection
	GlobalSection(ProjectConfigurationPlatforms) = postSolution
		{F7E9B43E-C099-41BB-9247-051D4B73573C}.Debug|Any CPU.ActiveCfg = Debug|Any CPU
		{F7E9B43E-C099-41BB-9247-051D4B73573C}.Debug|Any CPU.Build.0 = Debug|Any CPU
		{F7E9B43E-C099-41BB-9247-051D4B73573C}.Release|Any CPU.ActiveCfg = Release|Any CPU
		{F7E9B43E-C099-41BB-9247-051D4B73573C}.Release|Any CPU.Build.0 = Release|Any CPU
	EndGlobalSection
	GlobalSection(SolutionProperties) = preSolution
		HideSolutionNode = FALSE
	EndGlobalSection
	GlobalSection(ExtensibilityGlobals) = postSolution
		SolutionGuid = {6862C610-A197-4873-B146-2D3F2FC47FE6}
	EndGlobalSection
EndGlobal
